
Microsoft Visual Studio Solution File, Format Version 12.00
# Visual Studio Version 17
VisualStudioVersion = 17.11.35222.181
MinimumVisualStudioVersion = 10.0.40219.1
Project("{FAE04EC0-301F-11D3-BF4B-00C04F79EFBC}") = "Project", "Project\Project.csproj", "{B4E9C26E-B977-46A9-92FD-24A92E63ECAB}"
EndProject
Global
	GlobalSection(SolutionConfigurationPlatforms) = preSolution
		Debug|Any CPU = Debug|Any CPU
		Release|Any CPU = Release|Any CPU
	EndGlobalSection
	GlobalSection(ProjectConfigurationPlatforms) = postSolution
		{B4E9C26E-B977-46A9-92FD-24A92E63ECAB}.Debug|Any CPU.ActiveCfg = Debug|Any CPU
		{B4E9C26E-B977-46A9-92FD-24A92E63ECAB}.Debug|Any CPU.Build.0 = Debug|Any CPU
		{B4E9C26E-B977-46A9-92FD-24A92E63ECAB}.Release|Any CPU.ActiveCfg = Release|Any CPU
		{B4E9C26E-B977-46A9-92FD-24A92E63ECAB}.Release|Any CPU.Build.0 = Release|Any CPU
	EndGlobalSection
	GlobalSection(SolutionProperties) = preSolution
		HideSolutionNode = FALSE
	EndGlobalSection
	GlobalSection(ExtensibilityGlobals) = postSolution
		SolutionGuid = {A9BEA222-E2D7-4D0D-A4E0-4DB17B8C4A0E}
	EndGlobalSection
EndGlobal
